
Microsoft Visual Studio Solution File, Format Version 12.00
# Visual Studio Version 17
VisualStudioVersion = 17.2.32630.192
MinimumVisualStudioVersion = 10.0.40219.1
Project("{FAE04EC0-301F-11D3-BF4B-00C04F79EFBC}") = "P02.Villain-Names", "P02.Villain-Names\P02.Villain-Names.csproj", "{156E01CC-FDF8-4CCD-A4FB-B7344B10F096}"
EndProject
Global
	GlobalSection(SolutionConfigurationPlatforms) = preSolution
		Debug|Any CPU = Debug|Any CPU
		Release|Any CPU = Release|Any CPU
	EndGlobalSection
	GlobalSection(ProjectConfigurationPlatforms) = postSolution
		{156E01CC-FDF8-4CCD-A4FB-B7344B10F096}.Debug|Any CPU.ActiveCfg = Debug|Any CPU
		{156E01CC-FDF8-4CCD-A4FB-B7344B10F096}.Debug|Any CPU.Build.0 = Debug|Any CPU
		{156E01CC-FDF8-4CCD-A4FB-B7344B10F096}.Release|Any CPU.ActiveCfg = Release|Any CPU
		{156E01CC-FDF8-4CCD-A4FB-B7344B10F096}.Release|Any CPU.Build.0 = Release|Any CPU
	EndGlobalSection
	GlobalSection(SolutionProperties) = preSolution
		HideSolutionNode = FALSE
	EndGlobalSection
	GlobalSection(ExtensibilityGlobals) = postSolution
		SolutionGuid = {7CED704C-8889-4032-9734-E1CA1218E219}
	EndGlobalSection
EndGlobal
