
Microsoft Visual Studio Solution File, Format Version 12.00
# Visual Studio Version 17
VisualStudioVersion = 17.5.33414.496
MinimumVisualStudioVersion = 10.0.40219.1
Project("{FAE04EC0-301F-11D3-BF4B-00C04F79EFBC}") = "P02.Football_Betting", "P02.Football_Betting\P02.Football_Betting.csproj", "{823FF122-580C-4F04-9F9D-9299CE5D17DE}"
EndProject
Project("{FAE04EC0-301F-11D3-BF4B-00C04F79EFBC}") = "P02_FootballBetting.Data", "P02_FootballBetting.Data\P02_FootballBetting.Data.csproj", "{A25B089E-9AFD-41B8-82DE-DCE466EB26E5}"
EndProject
Global
	GlobalSection(SolutionConfigurationPlatforms) = preSolution
		Debug|Any CPU = Debug|Any CPU
		Release|Any CPU = Release|Any CPU
	EndGlobalSection
	GlobalSection(ProjectConfigurationPlatforms) = postSolution
		{823FF122-580C-4F04-9F9D-9299CE5D17DE}.Debug|Any CPU.ActiveCfg = Debug|Any CPU
		{823FF122-580C-4F04-9F9D-9299CE5D17DE}.Debug|Any CPU.Build.0 = Debug|Any CPU
		{823FF122-580C-4F04-9F9D-9299CE5D17DE}.Release|Any CPU.ActiveCfg = Release|Any CPU
		{823FF122-580C-4F04-9F9D-9299CE5D17DE}.Release|Any CPU.Build.0 = Release|Any CPU
		{A25B089E-9AFD-41B8-82DE-DCE466EB26E5}.Debug|Any CPU.ActiveCfg = Debug|Any CPU
		{A25B089E-9AFD-41B8-82DE-DCE466EB26E5}.Debug|Any CPU.Build.0 = Debug|Any CPU
		{A25B089E-9AFD-41B8-82DE-DCE466EB26E5}.Release|Any CPU.ActiveCfg = Release|Any CPU
		{A25B089E-9AFD-41B8-82DE-DCE466EB26E5}.Release|Any CPU.Build.0 = Release|Any CPU
	EndGlobalSection
	GlobalSection(SolutionProperties) = preSolution
		HideSolutionNode = FALSE
	EndGlobalSection
	GlobalSection(ExtensibilityGlobals) = postSolution
		SolutionGuid = {C58743A7-4A06-4747-B34C-58FB22AA5D89}
	EndGlobalSection
EndGlobal
