
Microsoft Visual Studio Solution File, Format Version 12.00
# Visual Studio Version 17
VisualStudioVersion = 17.5.33414.496
MinimumVisualStudioVersion = 10.0.40219.1
Project("{9A19103F-16F7-4668-BE54-9A1E7A4F7556}") = "P02_FootballBetting", "P02_FootballBetting\P02_FootballBetting.csproj", "{483DFE84-715F-4B1F-82AB-E485E1EA3C23}"
EndProject
Project("{9A19103F-16F7-4668-BE54-9A1E7A4F7556}") = "P02_FootballBetting.Data", "P02_FootballBetting.Data\P02_FootballBetting.Data.csproj", "{DC6C3218-28A8-43BD-9732-19704C3956A7}"
EndProject
Project("{9A19103F-16F7-4668-BE54-9A1E7A4F7556}") = "P02_FootballBetting.Data.Common", "P02_FootballBetting.Data.Common\P02_FootballBetting.Data.Common.csproj", "{27F23831-FAC8-496E-B164-3B63D745C6DD}"
EndProject
Project("{9A19103F-16F7-4668-BE54-9A1E7A4F7556}") = "P02_FootballBetting.Data.Models", "P02_FootballBetting.Data.Models\P02_FootballBetting.Data.Models.csproj", "{7EB74F87-A438-47AE-BBCA-ED8CAEEB14DC}"
EndProject
Global
	GlobalSection(SolutionConfigurationPlatforms) = preSolution
		Debug|Any CPU = Debug|Any CPU
		Release|Any CPU = Release|Any CPU
	EndGlobalSection
	GlobalSection(ProjectConfigurationPlatforms) = postSolution
		{483DFE84-715F-4B1F-82AB-E485E1EA3C23}.Debug|Any CPU.ActiveCfg = Debug|Any CPU
		{483DFE84-715F-4B1F-82AB-E485E1EA3C23}.Debug|Any CPU.Build.0 = Debug|Any CPU
		{483DFE84-715F-4B1F-82AB-E485E1EA3C23}.Release|Any CPU.ActiveCfg = Release|Any CPU
		{483DFE84-715F-4B1F-82AB-E485E1EA3C23}.Release|Any CPU.Build.0 = Release|Any CPU
		{DC6C3218-28A8-43BD-9732-19704C3956A7}.Debug|Any CPU.ActiveCfg = Debug|Any CPU
		{DC6C3218-28A8-43BD-9732-19704C3956A7}.Debug|Any CPU.Build.0 = Debug|Any CPU
		{DC6C3218-28A8-43BD-9732-19704C3956A7}.Release|Any CPU.ActiveCfg = Release|Any CPU
		{DC6C3218-28A8-43BD-9732-19704C3956A7}.Release|Any CPU.Build.0 = Release|Any CPU
		{27F23831-FAC8-496E-B164-3B63D745C6DD}.Debug|Any CPU.ActiveCfg = Debug|Any CPU
		{27F23831-FAC8-496E-B164-3B63D745C6DD}.Debug|Any CPU.Build.0 = Debug|Any CPU
		{27F23831-FAC8-496E-B164-3B63D745C6DD}.Release|Any CPU.ActiveCfg = Release|Any CPU
		{27F23831-FAC8-496E-B164-3B63D745C6DD}.Release|Any CPU.Build.0 = Release|Any CPU
		{7EB74F87-A438-47AE-BBCA-ED8CAEEB14DC}.Debug|Any CPU.ActiveCfg = Debug|Any CPU
		{7EB74F87-A438-47AE-BBCA-ED8CAEEB14DC}.Debug|Any CPU.Build.0 = Debug|Any CPU
		{7EB74F87-A438-47AE-BBCA-ED8CAEEB14DC}.Release|Any CPU.ActiveCfg = Release|Any CPU
		{7EB74F87-A438-47AE-BBCA-ED8CAEEB14DC}.Release|Any CPU.Build.0 = Release|Any CPU
	EndGlobalSection
	GlobalSection(SolutionProperties) = preSolution
		HideSolutionNode = FALSE
	EndGlobalSection
	GlobalSection(ExtensibilityGlobals) = postSolution
		SolutionGuid = {C58743A7-4A06-4747-B34C-58FB22AA5D89}
	EndGlobalSection
EndGlobal
